
Microsoft Visual Studio Solution File, Format Version 12.00
# Visual Studio Version 17
VisualStudioVersion = 17.13.35931.197
MinimumVisualStudioVersion = 10.0.40219.1
Project("{FAE04EC0-301F-11D3-BF4B-00C04F79EFBC}") = "WindowsFormsApp1", "WindowsFormsApp1\WindowsFormsApp1.csproj", "{BCAC6F80-E478-4BB6-8ED4-49BAA60026AD}"
EndProject
Global
	GlobalSection(SolutionConfigurationPlatforms) = preSolution
		Debug|Any CPU = Debug|Any CPU
		Debug|x64 = Debug|x64
		Release|Any CPU = Release|Any CPU
		Release|x64 = Release|x64
	EndGlobalSection
	GlobalSection(ProjectConfigurationPlatforms) = postSolution
		{BCAC6F80-E478-4BB6-8ED4-49BAA60026AD}.Debug|Any CPU.ActiveCfg = Debug|Any CPU
		{BCAC6F80-E478-4BB6-8ED4-49BAA60026AD}.Debug|Any CPU.Build.0 = Debug|Any CPU
		{BCAC6F80-E478-4BB6-8ED4-49BAA60026AD}.Debug|x64.ActiveCfg = Debug|x64
		{BCAC6F80-E478-4BB6-8ED4-49BAA60026AD}.Debug|x64.Build.0 = Debug|x64
		{BCAC6F80-E478-4BB6-8ED4-49BAA60026AD}.Release|Any CPU.ActiveCfg = Release|Any CPU
		{BCAC6F80-E478-4BB6-8ED4-49BAA60026AD}.Release|Any CPU.Build.0 = Release|Any CPU
		{BCAC6F80-E478-4BB6-8ED4-49BAA60026AD}.Release|x64.ActiveCfg = Release|x64
		{BCAC6F80-E478-4BB6-8ED4-49BAA60026AD}.Release|x64.Build.0 = Release|x64
	EndGlobalSection
	GlobalSection(SolutionProperties) = preSolution
		HideSolutionNode = FALSE
	EndGlobalSection
	GlobalSection(ExtensibilityGlobals) = postSolution
		SolutionGuid = {BD6E42CB-7FEA-4BCF-890C-B7B3CE2310CD}
	EndGlobalSection
EndGlobal
